
Microsoft Visual Studio Solution File, Format Version 12.00
# Visual Studio Version 17
VisualStudioVersion = 17.3.32901.215
MinimumVisualStudioVersion = 10.0.40219.1
Project("{FAE04EC0-301F-11D3-BF4B-00C04F79EFBC}") = "WebApplication12", "WebApplication12\WebApplication12.csproj", "{4FC45D01-10F6-444F-A26E-004EE6A8F963}"
EndProject
Global
	GlobalSection(SolutionConfigurationPlatforms) = preSolution
		Debug|Any CPU = Debug|Any CPU
		Release|Any CPU = Release|Any CPU
	EndGlobalSection
	GlobalSection(ProjectConfigurationPlatforms) = postSolution
		{4FC45D01-10F6-444F-A26E-004EE6A8F963}.Debug|Any CPU.ActiveCfg = Debug|Any CPU
		{4FC45D01-10F6-444F-A26E-004EE6A8F963}.Debug|Any CPU.Build.0 = Debug|Any CPU
		{4FC45D01-10F6-444F-A26E-004EE6A8F963}.Release|Any CPU.ActiveCfg = Release|Any CPU
		{4FC45D01-10F6-444F-A26E-004EE6A8F963}.Release|Any CPU.Build.0 = Release|Any CPU
	EndGlobalSection
	GlobalSection(SolutionProperties) = preSolution
		HideSolutionNode = FALSE
	EndGlobalSection
	GlobalSection(ExtensibilityGlobals) = postSolution
		SolutionGuid = {DDAA2AE0-F641-48E5-BF50-42EF178BBF52}
	EndGlobalSection
EndGlobal
